
Microsoft Visual Studio Solution File, Format Version 12.00
# Visual Studio Version 17
VisualStudioVersion = 17.11.35327.3
MinimumVisualStudioVersion = 10.0.40219.1
Project("{FAE04EC0-301F-11D3-BF4B-00C04F79EFBC}") = "CaseCreationPlugin", "CaseCreationPlugin\CaseCreationPlugin.csproj", "{19A7BB34-056A-41B5-88B4-41502F8BE090}"
EndProject
Global
	GlobalSection(SolutionConfigurationPlatforms) = preSolution
		Debug|Any CPU = Debug|Any CPU
		Release|Any CPU = Release|Any CPU
	EndGlobalSection
	GlobalSection(ProjectConfigurationPlatforms) = postSolution
		{19A7BB34-056A-41B5-88B4-41502F8BE090}.Debug|Any CPU.ActiveCfg = Debug|Any CPU
		{19A7BB34-056A-41B5-88B4-41502F8BE090}.Debug|Any CPU.Build.0 = Debug|Any CPU
		{19A7BB34-056A-41B5-88B4-41502F8BE090}.Release|Any CPU.ActiveCfg = Release|Any CPU
		{19A7BB34-056A-41B5-88B4-41502F8BE090}.Release|Any CPU.Build.0 = Release|Any CPU
	EndGlobalSection
	GlobalSection(SolutionProperties) = preSolution
		HideSolutionNode = FALSE
	EndGlobalSection
	GlobalSection(ExtensibilityGlobals) = postSolution
		SolutionGuid = {D0512923-DC6B-4862-B14C-95F69ABB5C62}
	EndGlobalSection
EndGlobal
